// !$*UTF8*$!
{
	archiveVersion = 1;
	classes = {
	};
	objectVersion = 56;
	objects = {

/* Begin PBXBuildFile section */
		4A8976462C0348220070D070 /* AppDelegate.swift in Sources */ = {isa = PBXBuildFile; fileRef = 4A8976452C0348220070D070 /* AppDelegate.swift */; };
		4A8976482C0348220070D070 /* SceneDelegate.swift in Sources */ = {isa = PBXBuildFile; fileRef = 4A8976472C0348220070D070 /* SceneDelegate.swift */; };
		4A89764A2C0348220070D070 /* ViewController.swift in Sources */ = {isa = PBXBuildFile; fileRef = 4A8976492C0348220070D070 /* ViewController.swift */; };
		4A89764D2C0348220070D070 /* Main.storyboard in Resources */ = {isa = PBXBuildFile; fileRef = 4A89764B2C0348220070D070 /* Main.storyboard */; };
		4A89764F2C0348230070D070 /* Assets.xcassets in Resources */ = {isa = PBXBuildFile; fileRef = 4A89764E2C0348230070D070 /* Assets.xcassets */; };
		4A8976522C0348230070D070 /* LaunchScreen.storyboard in Resources */ = {isa = PBXBuildFile; fileRef = 4A8976502C0348230070D070 /* LaunchScreen.storyboard */; };
		4A89765B2C0348380070D070 /* RxBlocking in Frameworks */ = {isa = PBXBuildFile; productRef = 4A89765A2C0348380070D070 /* RxBlocking */; };
		4A89765D2C0348380070D070 /* RxBlocking-Dynamic in Frameworks */ = {isa = PBXBuildFile; productRef = 4A89765C2C0348380070D070 /* RxBlocking-Dynamic */; };
		4A89765F2C0348380070D070 /* RxCocoa in Frameworks */ = {isa = PBXBuildFile; productRef = 4A89765E2C0348380070D070 /* RxCocoa */; };
		4A8976612C0348380070D070 /* RxCocoa-Dynamic in Frameworks */ = {isa = PBXBuildFile; productRef = 4A8976602C0348380070D070 /* RxCocoa-Dynamic */; };
		4A8976632C0348380070D070 /* RxRelay in Frameworks */ = {isa = PBXBuildFile; productRef = 4A8976622C0348380070D070 /* RxRelay */; };
/* End PBXBuildFile section */

/* Begin PBXFileReference section */
		4A8976422C0348220070D070 /* ExTestLeak.app */ = {isa = PBXFileReference; explicitFileType = wrapper.application; includeInIndex = 0; path = ExTestLeak.app; sourceTree = BUILT_PRODUCTS_DIR; };
		4A8976452C0348220070D070 /* AppDelegate.swift */ = {isa = PBXFileReference; lastKnownFileType = sourcecode.swift; path = AppDelegate.swift; sourceTree = "<group>"; };
		4A8976472C0348220070D070 /* SceneDelegate.swift */ = {isa = PBXFileReference; lastKnownFileType = sourcecode.swift; path = SceneDelegate.swift; sourceTree = "<group>"; };
		4A8976492C0348220070D070 /* ViewController.swift */ = {isa = PBXFileReference; lastKnownFileType = sourcecode.swift; path = ViewController.swift; sourceTree = "<group>"; };
		4A89764C2C0348220070D070 /* Base */ = {isa = PBXFileReference; lastKnownFileType = file.storyboard; name = Base; path = Base.lproj/Main.storyboard; sourceTree = "<group>"; };
		4A89764E2C0348230070D070 /* Assets.xcassets */ = {isa = PBXFileReference; lastKnownFileType = folder.assetcatalog; path = Assets.xcassets; sourceTree = "<group>"; };
		4A8976512C0348230070D070 /* Base */ = {isa = PBXFileReference; lastKnownFileType = file.storyboard; name = Base; path = Base.lproj/LaunchScreen.storyboard; sourceTree = "<group>"; };
		4A8976532C0348230070D070 /* Info.plist */ = {isa = PBXFileReference; lastKnownFileType = text.plist.xml; path = Info.plist; sourceTree = "<group>"; };
/* End PBXFileReference section */

/* Begin PBXFrameworksBuildPhase section */
		4A89763F2C0348220070D070 /* Frameworks */ = {
			isa = PBXFrameworksBuildPhase;
			buildActionMask = 2147483647;
			files = (
				4A8976632C0348380070D070 /* RxRelay in Frameworks */,
				4A8976612C0348380070D070 /* RxCocoa-Dynamic in Frameworks */,
				4A89765F2C0348380070D070 /* RxCocoa in Frameworks */,
				4A89765B2C0348380070D070 /* RxBlocking in Frameworks */,
				4A89765D2C0348380070D070 /* RxBlocking-Dynamic in Frameworks */,
			);
			runOnlyForDeploymentPostprocessing = 0;
		};
/* End PBXFrameworksBuildPhase section */

/* Begin PBXGroup section */
		4A8976392C0348220070D070 = {
			isa = PBXGroup;
			children = (
				4A8976442C0348220070D070 /* ExTestLeak */,
				4A8976432C0348220070D070 /* Products */,
			);
			sourceTree = "<group>";
		};
		4A8976432C0348220070D070 /* Products */ = {
			isa = PBXGroup;
			children = (
				4A8976422C0348220070D070 /* ExTestLeak.app */,
			);
			name = Products;
			sourceTree = "<group>";
		};
		4A8976442C0348220070D070 /* ExTestLeak */ = {
			isa = PBXGroup;
			children = (
				4A8976452C0348220070D070 /* AppDelegate.swift */,
				4A8976472C0348220070D070 /* SceneDelegate.swift */,
				4A8976492C0348220070D070 /* ViewController.swift */,
				4A89764B2C0348220070D070 /* Main.storyboard */,
				4A89764E2C0348230070D070 /* Assets.xcassets */,
				4A8976502C0348230070D070 /* LaunchScreen.storyboard */,
				4A8976532C0348230070D070 /* Info.plist */,
			);
			path = ExTestLeak;
			sourceTree = "<group>";
		};
/* End PBXGroup section */

/* Begin PBXNativeTarget section */
		4A8976412C0348220070D070 /* ExTestLeak */ = {
			isa = PBXNativeTarget;
			buildConfigurationList = 4A8976562C0348230070D070 /* Build configuration list for PBXNativeTarget "ExTestLeak" */;
			buildPhases = (
				4A89763E2C0348220070D070 /* Sources */,
				4A89763F2C0348220070D070 /* Frameworks */,
				4A8976402C0348220070D070 /* Resources */,
			);
			buildRules = (
			);
			dependencies = (
			);
			name = ExTestLeak;
			packageProductDependencies = (
				4A89765A2C0348380070D070 /* RxBlocking */,
				4A89765C2C0348380070D070 /* RxBlocking-Dynamic */,
				4A89765E2C0348380070D070 /* RxCocoa */,
				4A8976602C0348380070D070 /* RxCocoa-Dynamic */,
				4A8976622C0348380070D070 /* RxRelay */,
			);
			productName = ExTestLeak;
			productReference = 4A8976422C0348220070D070 /* ExTestLeak.app */;
			productType = "com.apple.product-type.application";
		};
/* End PBXNativeTarget section */

/* Begin PBXProject section */
		4A89763A2C0348220070D070 /* Project object */ = {
			isa = PBXProject;
			attributes = {
				BuildIndependentTargetsInParallel = 1;
				LastSwiftUpdateCheck = 1520;
				LastUpgradeCheck = 1520;
				TargetAttributes = {
					4A8976412C0348220070D070 = {
						CreatedOnToolsVersion = 15.2;
					};
				};
			};
			buildConfigurationList = 4A89763D2C0348220070D070 /* Build configuration list for PBXProject "ExTestLeak" */;
			compatibilityVersion = "Xcode 14.0";
			developmentRegion = en;
			hasScannedForEncodings = 0;
			knownRegions = (
				en,
				Base,
			);
			mainGroup = 4A8976392C0348220070D070;
			packageReferences = (
				4A8976592C0348380070D070 /* XCRemoteSwiftPackageReference "RxSwift" */,
			);
			productRefGroup = 4A8976432C0348220070D070 /* Products */;
			projectDirPath = "";
			projectRoot = "";
			targets = (
				4A8976412C0348220070D070 /* ExTestLeak */,
			);
		};
/* End PBXProject section */

/* Begin PBXResourcesBuildPhase section */
		4A8976402C0348220070D070 /* Resources */ = {
			isa = PBXResourcesBuildPhase;
			buildActionMask = 2147483647;
			files = (
				4A8976522C0348230070D070 /* LaunchScreen.storyboard in Resources */,
				4A89764F2C0348230070D070 /* Assets.xcassets in Resources */,
				4A89764D2C0348220070D070 /* Main.storyboard in Resources */,
			);
			runOnlyForDeploymentPostprocessing = 0;
		};
/* End PBXResourcesBuildPhase section */

/* Begin PBXSourcesBuildPhase section */
		4A89763E2C0348220070D070 /* Sources */ = {
			isa = PBXSourcesBuildPhase;
			buildActionMask = 2147483647;
			files = (
				4A89764A2C0348220070D070 /* ViewController.swift in Sources */,
				4A8976462C0348220070D070 /* AppDelegate.swift in Sources */,
				4A8976482C0348220070D070 /* SceneDelegate.swift in Sources */,
			);
			runOnlyForDeploymentPostprocessing = 0;
		};
/* End PBXSourcesBuildPhase section */

/* Begin PBXVariantGroup section */
		4A89764B2C0348220070D070 /* Main.storyboard */ = {
			isa = PBXVariantGroup;
			children = (
				4A89764C2C0348220070D070 /* Base */,
			);
			name = Main.storyboard;
			sourceTree = "<group>";
		};
		4A8976502C0348230070D070 /* LaunchScreen.storyboard */ = {
			isa = PBXVariantGroup;
			children = (
				4A8976512C0348230070D070 /* Base */,
			);
			name = LaunchScreen.storyboard;
			sourceTree = "<group>";
		};
/* End PBXVariantGroup section */

/* Begin XCBuildConfiguration section */
		4A8976542C0348230070D070 /* Debug */ = {
			isa = XCBuildConfiguration;
			buildSettings = {
				ALWAYS_SEARCH_USER_PATHS = NO;
				ASSETCATALOG_COMPILER_GENERATE_SWIFT_ASSET_SYMBOL_EXTENSIONS = YES;
				CLANG_ANALYZER_NONNULL = YES;
				CLANG_ANALYZER_NUMBER_OBJECT_CONVERSION = YES_AGGRESSIVE;
				CLANG_CXX_LANGUAGE_STANDARD = "gnu++20";
				CLANG_ENABLE_MODULES = YES;
				CLANG_ENABLE_OBJC_ARC = YES;
				CLANG_ENABLE_OBJC_WEAK = YES;
				CLANG_WARN_BLOCK_CAPTURE_AUTORELEASING = YES;
				CLANG_WARN_BOOL_CONVERSION = YES;
				CLANG_WARN_COMMA = YES;
				CLANG_WARN_CONSTANT_CONVERSION = YES;
				CLANG_WARN_DEPRECATED_OBJC_IMPLEMENTATIONS = YES;
				CLANG_WARN_DIRECT_OBJC_ISA_USAGE = YES_ERROR;
				CLANG_WARN_DOCUMENTATION_COMMENTS = YES;
				CLANG_WARN_EMPTY_BODY = YES;
				CLANG_WARN_ENUM_CONVERSION = YES;
				CLANG_WARN_INFINITE_RECURSION = YES;
				CLANG_WARN_INT_CONVERSION = YES;
				CLANG_WARN_NON_LITERAL_NULL_CONVERSION = YES;
				CLANG_WARN_OBJC_IMPLICIT_RETAIN_SELF = YES;
				CLANG_WARN_OBJC_LITERAL_CONVERSION = YES;
				CLANG_WARN_OBJC_ROOT_CLASS = YES_ERROR;
				CLANG_WARN_QUOTED_INCLUDE_IN_FRAMEWORK_HEADER = YES;
				CLANG_WARN_RANGE_LOOP_ANALYSIS = YES;
				CLANG_WARN_STRICT_PROTOTYPES = YES;
				CLANG_WARN_SUSPICIOUS_MOVE = YES;
				CLANG_WARN_UNGUARDED_AVAILABILITY = YES_AGGRESSIVE;
				CLANG_WARN_UNREACHABLE_CODE = YES;
				CLANG_WARN__DUPLICATE_METHOD_MATCH = YES;
				COPY_PHASE_STRIP = NO;
				DEBUG_INFORMATION_FORMAT = dwarf;
				ENABLE_STRICT_OBJC_MSGSEND = YES;
				ENABLE_TESTABILITY = YES;
				ENABLE_USER_SCRIPT_SANDBOXING = YES;
				GCC_C_LANGUAGE_STANDARD = gnu17;
				GCC_DYNAMIC_NO_PIC = NO;
				GCC_NO_COMMON_BLOCKS = YES;
				GCC_OPTIMIZATION_LEVEL = 0;
				GCC_PREPROCESSOR_DEFINITIONS = (
					"DEBUG=1",
					"$(inherited)",
				);
				GCC_WARN_64_TO_32_BIT_CONVERSION = YES;
				GCC_WARN_ABOUT_RETURN_TYPE = YES_ERROR;
				GCC_WARN_UNDECLARED_SELECTOR = YES;
				GCC_WARN_UNINITIALIZED_AUTOS = YES_AGGRESSIVE;
				GCC_WARN_UNUSED_FUNCTION = YES;
				GCC_WARN_UNUSED_VARIABLE = YES;
				IPHONEOS_DEPLOYMENT_TARGET = 17.2;
				LOCALIZATION_PREFERS_STRING_CATALOGS = YES;
				MTL_ENABLE_DEBUG_INFO = INCLUDE_SOURCE;
				MTL_FAST_MATH = YES;
				ONLY_ACTIVE_ARCH = YES;
				SDKROOT = iphoneos;
				SWIFT_ACTIVE_COMPILATION_CONDITIONS = "DEBUG $(inherited)";
				SWIFT_OPTIMIZATION_LEVEL = "-Onone";
			};
			name = Debug;
		};
		4A8976552C0348230070D070 /* Release */ = {
			isa = XCBuildConfiguration;
			buildSettings = {
				ALWAYS_SEARCH_USER_PATHS = NO;
				ASSETCATALOG_COMPILER_GENERATE_SWIFT_ASSET_SYMBOL_EXTENSIONS = YES;
				CLANG_ANALYZER_NONNULL = YES;
				CLANG_ANALYZER_NUMBER_OBJECT_CONVERSION = YES_AGGRESSIVE;
				CLANG_CXX_LANGUAGE_STANDARD = "gnu++20";
				CLANG_ENABLE_MODULES = YES;
				CLANG_ENABLE_OBJC_ARC = YES;
				CLANG_ENABLE_OBJC_WEAK = YES;
				CLANG_WARN_BLOCK_CAPTURE_AUTORELEASING = YES;
				CLANG_WARN_BOOL_CONVERSION = YES;
				CLANG_WARN_COMMA = YES;
				CLANG_WARN_CONSTANT_CONVERSION = YES;
				CLANG_WARN_DEPRECATED_OBJC_IMPLEMENTATIONS = YES;
				CLANG_WARN_DIRECT_OBJC_ISA_USAGE = YES_ERROR;
				CLANG_WARN_DOCUMENTATION_COMMENTS = YES;
				CLANG_WARN_EMPTY_BODY = YES;
				CLANG_WARN_ENUM_CONVERSION = YES;
				CLANG_WARN_INFINITE_RECURSION = YES;
				CLANG_WARN_INT_CONVERSION = YES;
				CLANG_WARN_NON_LITERAL_NULL_CONVERSION = YES;
				CLANG_WARN_OBJC_IMPLICIT_RETAIN_SELF = YES;
				CLANG_WARN_OBJC_LITERAL_CONVERSION = YES;
				CLANG_WARN_OBJC_ROOT_CLASS = YES_ERROR;
				CLANG_WARN_QUOTED_INCLUDE_IN_FRAMEWORK_HEADER = YES;
				CLANG_WARN_RANGE_LOOP_ANALYSIS = YES;
				CLANG_WARN_STRICT_PROTOTYPES = YES;
				CLANG_WARN_SUSPICIOUS_MOVE = YES;
				CLANG_WARN_UNGUARDED_AVAILABILITY = YES_AGGRESSIVE;
				CLANG_WARN_UNREACHABLE_CODE = YES;
				CLANG_WARN__DUPLICATE_METHOD_MATCH = YES;
				COPY_PHASE_STRIP = NO;
				DEBUG_INFORMATION_FORMAT = "dwarf-with-dsym";
				ENABLE_NS_ASSERTIONS = NO;
				ENABLE_STRICT_OBJC_MSGSEND = YES;
				ENABLE_USER_SCRIPT_SANDBOXING = YES;
				GCC_C_LANGUAGE_STANDARD = gnu17;
				GCC_NO_COMMON_BLOCKS = YES;
				GCC_WARN_64_TO_32_BIT_CONVERSION = YES;
				GCC_WARN_ABOUT_RETURN_TYPE = YES_ERROR;
				GCC_WARN_UNDECLARED_SELECTOR = YES;
				GCC_WARN_UNINITIALIZED_AUTOS = YES_AGGRESSIVE;
				GCC_WARN_UNUSED_FUNCTION = YES;
				GCC_WARN_UNUSED_VARIABLE = YES;
				IPHONEOS_DEPLOYMENT_TARGET = 17.2;
				LOCALIZATION_PREFERS_STRING_CATALOGS = YES;
				MTL_ENABLE_DEBUG_INFO = NO;
				MTL_FAST_MATH = YES;
				SDKROOT = iphoneos;
				SWIFT_COMPILATION_MODE = wholemodule;
				VALIDATE_PRODUCT = YES;
			};
			name = Release;
		};
		4A8976572C0348230070D070 /* Debug */ = {
			isa = XCBuildConfiguration;
			buildSettings = {
				ASSETCATALOG_COMPILER_APPICON_NAME = AppIcon;
				ASSETCATALOG_COMPILER_GLOBAL_ACCENT_COLOR_NAME = AccentColor;
				CODE_SIGN_STYLE = Automatic;
				CURRENT_PROJECT_VERSION = 1;
				DEVELOPMENT_TEAM = SS7U83UJNK;
				GENERATE_INFOPLIST_FILE = YES;
				INFOPLIST_FILE = ExTestLeak/Info.plist;
				INFOPLIST_KEY_UIApplicationSupportsIndirectInputEvents = YES;
				INFOPLIST_KEY_UILaunchStoryboardName = LaunchScreen;
				INFOPLIST_KEY_UIMainStoryboardFile = Main;
				INFOPLIST_KEY_UISupportedInterfaceOrientations_iPad = "UIInterfaceOrientationPortrait UIInterfaceOrientationPortraitUpsideDown UIInterfaceOrientationLandscapeLeft UIInterfaceOrientationLandscapeRight";
				INFOPLIST_KEY_UISupportedInterfaceOrientations_iPhone = "UIInterfaceOrientationPortrait UIInterfaceOrientationLandscapeLeft UIInterfaceOrientationLandscapeRight";
				LD_RUNPATH_SEARCH_PATHS = (
					"$(inherited)",
					"@executable_path/Frameworks",
				);
				MARKETING_VERSION = 1.0;
				PRODUCT_BUNDLE_IDENTIFIER = com.jake.ExTestLeak;
				PRODUCT_NAME = "$(TARGET_NAME)";
				SWIFT_EMIT_LOC_STRINGS = YES;
				SWIFT_VERSION = 5.0;
				TARGETED_DEVICE_FAMILY = "1,2";
			};
			name = Debug;
		};
		4A8976582C0348230070D070 /* Release */ = {
			isa = XCBuildConfiguration;
			buildSettings = {
				ASSETCATALOG_COMPILER_APPICON_NAME = AppIcon;
				ASSETCATALOG_COMPILER_GLOBAL_ACCENT_COLOR_NAME = AccentColor;
				CODE_SIGN_STYLE = Automatic;
				CURRENT_PROJECT_VERSION = 1;
				DEVELOPMENT_TEAM = SS7U83UJNK;
				GENERATE_INFOPLIST_FILE = YES;
				INFOPLIST_FILE = ExTestLeak/Info.plist;
				INFOPLIST_KEY_UIApplicationSupportsIndirectInputEvents = YES;
				INFOPLIST_KEY_UILaunchStoryboardName = LaunchScreen;
				INFOPLIST_KEY_UIMainStoryboardFile = Main;
				INFOPLIST_KEY_UISupportedInterfaceOrientations_iPad = "UIInterfaceOrientationPortrait UIInterfaceOrientationPortraitUpsideDown UIInterfaceOrientationLandscapeLeft UIInterfaceOrientationLandscapeRight";
				INFOPLIST_KEY_UISupportedInterfaceOrientations_iPhone = "UIInterfaceOrientationPortrait UIInterfaceOrientationLandscapeLeft UIInterfaceOrientationLandscapeRight";
				LD_RUNPATH_SEARCH_PATHS = (
					"$(inherited)",
					"@executable_path/Frameworks",
				);
				MARKETING_VERSION = 1.0;
				PRODUCT_BUNDLE_IDENTIFIER = com.jake.ExTestLeak;
				PRODUCT_NAME = "$(TARGET_NAME)";
				SWIFT_EMIT_LOC_STRINGS = YES;
				SWIFT_VERSION = 5.0;
				TARGETED_DEVICE_FAMILY = "1,2";
			};
			name = Release;
		};
/* End XCBuildConfiguration section */

/* Begin XCConfigurationList section */
		4A89763D2C0348220070D070 /* Build configuration list for PBXProject "ExTestLeak" */ = {
			isa = XCConfigurationList;
			buildConfigurations = (
				4A8976542C0348230070D070 /* Debug */,
				4A8976552C0348230070D070 /* Release */,
			);
			defaultConfigurationIsVisible = 0;
			defaultConfigurationName = Release;
		};
		4A8976562C0348230070D070 /* Build configuration list for PBXNativeTarget "ExTestLeak" */ = {
			isa = XCConfigurationList;
			buildConfigurations = (
				4A8976572C0348230070D070 /* Debug */,
				4A8976582C0348230070D070 /* Release */,
			);
			defaultConfigurationIsVisible = 0;
			defaultConfigurationName = Release;
		};
/* End XCConfigurationList section */

/* Begin XCRemoteSwiftPackageReference section */
		4A8976592C0348380070D070 /* XCRemoteSwiftPackageReference "RxSwift" */ = {
			isa = XCRemoteSwiftPackageReference;
			repositoryURL = "https://github.com/ReactiveX/RxSwift.git";
			requirement = {
				kind = upToNextMajorVersion;
				minimumVersion = 6.7.1;
			};
		};
/* End XCRemoteSwiftPackageReference section */

/* Begin XCSwiftPackageProductDependency section */
		4A89765A2C0348380070D070 /* RxBlocking */ = {
			isa = XCSwiftPackageProductDependency;
			package = 4A8976592C0348380070D070 /* XCRemoteSwiftPackageReference "RxSwift" */;
			productName = RxBlocking;
		};
		4A89765C2C0348380070D070 /* RxBlocking-Dynamic */ = {
			isa = XCSwiftPackageProductDependency;
			package = 4A8976592C0348380070D070 /* XCRemoteSwiftPackageReference "RxSwift" */;
			productName = "RxBlocking-Dynamic";
		};
		4A89765E2C0348380070D070 /* RxCocoa */ = {
			isa = XCSwiftPackageProductDependency;
			package = 4A8976592C0348380070D070 /* XCRemoteSwiftPackageReference "RxSwift" */;
			productName = RxCocoa;
		};
		4A8976602C0348380070D070 /* RxCocoa-Dynamic */ = {
			isa = XCSwiftPackageProductDependency;
			package = 4A8976592C0348380070D070 /* XCRemoteSwiftPackageReference "RxSwift" */;
			productName = "RxCocoa-Dynamic";
		};
		4A8976622C0348380070D070 /* RxRelay */ = {
			isa = XCSwiftPackageProductDependency;
			package = 4A8976592C0348380070D070 /* XCRemoteSwiftPackageReference "RxSwift" */;
			productName = RxRelay;
		};
/* End XCSwiftPackageProductDependency section */
	};
	rootObject = 4A89763A2C0348220070D070 /* Project object */;
}
